# This file is automatically @generated by Cargo.
# It is not intended for manual editing.
version = 4

[[package]]
name = "bf"
version = "0.1.0"
dependencies = [
 "gccjit",
]

[[package]]
name = "gccjit"
version = "3.3.0"
source = "registry+https://github.com/rust-lang/crates.io-index"
checksum = "26b73d18b642ce16378af78f89664841d7eeafa113682ff5d14573424eb0232a"
dependencies = [
 "gccjit_sys",
]

[[package]]
name = "gccjit_sys"
version = "1.3.0"
source = "registry+https://github.com/rust-lang/crates.io-index"
checksum = "ee689456c013616942d5aef9a84d613cefcc3b335340d036f3650fc1a7459e15"
dependencies = [
 "libc",
]

[[package]]
name = "libc"
version = "0.2.186"
source = "registry+https://github.com/rust-lang/crates.io-index"
checksum = "68ab91017fe16c622486840e4c83c9a37afeff978bd239b5293d61ece587de66"
